{
    "_readme": [
        "This file locks the dependencies of your project to a known state",
        "Read more about it at https://getcomposer.org/doc/01-basic-usage.md#installing-dependencies",
        "This file is @generated automatically"
    ],
    "content-hash": "947e096f736533ad9669a7f1ba564003",
    "packages": [
        {
            "name": "laszlopalvoelgyi/helper",
            "version": "v1.0.4",
            "source": {
                "type": "git",
                "url": "https://github.com/palvoelgyilaszlo/helper.git",
                "reference": "0f0b5f354f192fef60ff63fa8d32e924f69f69c1"
            },
            "dist": {
                "type": "zip",
                "url": "https://api.github.com/repos/palvoelgyilaszlo/helper/zipball/0f0b5f354f192fef60ff63fa8d32e924f69f69c1",
                "reference": "0f0b5f354f192fef60ff63fa8d32e924f69f69c1",
                "shasum": ""
            },
            "type": "library",
            "autoload": {
                "psr-4": {
                    "Palvoelgyi\\Helper\\": "src/"
                }
            },
            "notification-url": "https://packagist.org/downloads/",
            "license": [
                "MIT"
            ],
            "authors": [
                {
                    "name": "palvoelgyilaszlo",
                    "email": "l.palvoelgyi@gmail.com"
                }
            ],
            "description": "help for php programming",
            "support": {
                "issues": "https://github.com/palvoelgyilaszlo/helper/issues",
                "source": "https://github.com/palvoelgyilaszlo/helper/tree/v1.0.4"
            },
            "time": "2021-05-10T13:42:10+00:00"
        }
    ],
    "packages-dev": [],
    "aliases": [],
    "minimum-stability": "dev",
    "stability-flags": [],
    "prefer-stable": false,
    "prefer-lowest": false,
    "platform": [],
    "platform-dev": [],
    "plugin-api-version": "2.0.0"
}
